
Microsoft Visual Studio Solution File, Format Version 12.00
# Visual Studio Version 17
VisualStudioVersion = 17.5.33627.172
MinimumVisualStudioVersion = 10.0.40219.1
Project("{9A19103F-16F7-4668-BE54-9A1E7A4F7556}") = "CodeTest", "CodeTest\CodeTest.csproj", "{01A167B7-7059-461F-A0D9-DD87B22AD2E3}"
EndProject
Project("{FAE04EC0-301F-11D3-BF4B-00C04F79EFBC}") = "Tests", "Tests\Tests.csproj", "{294AC594-1DC4-4A62-AD4F-490C1D366AF4}"
EndProject
Global
	GlobalSection(SolutionConfigurationPlatforms) = preSolution
		Debug|Any CPU = Debug|Any CPU
		Release|Any CPU = Release|Any CPU
	EndGlobalSection
	GlobalSection(ProjectConfigurationPlatforms) = postSolution
		{01A167B7-7059-461F-A0D9-DD87B22AD2E3}.Debug|Any CPU.ActiveCfg = Debug|Any CPU
		{01A167B7-7059-461F-A0D9-DD87B22AD2E3}.Debug|Any CPU.Build.0 = Debug|Any CPU
		{01A167B7-7059-461F-A0D9-DD87B22AD2E3}.Release|Any CPU.ActiveCfg = Release|Any CPU
		{01A167B7-7059-461F-A0D9-DD87B22AD2E3}.Release|Any CPU.Build.0 = Release|Any CPU
		{294AC594-1DC4-4A62-AD4F-490C1D366AF4}.Debug|Any CPU.ActiveCfg = Debug|Any CPU
		{294AC594-1DC4-4A62-AD4F-490C1D366AF4}.Debug|Any CPU.Build.0 = Debug|Any CPU
		{294AC594-1DC4-4A62-AD4F-490C1D366AF4}.Release|Any CPU.ActiveCfg = Release|Any CPU
		{294AC594-1DC4-4A62-AD4F-490C1D366AF4}.Release|Any CPU.Build.0 = Release|Any CPU
	EndGlobalSection
	GlobalSection(SolutionProperties) = preSolution
		HideSolutionNode = FALSE
	EndGlobalSection
	GlobalSection(ExtensibilityGlobals) = postSolution
		SolutionGuid = {416530BE-1FDE-4CE1-90C4-F702CE436C74}
	EndGlobalSection
EndGlobal
